
Microsoft Visual Studio Solution File, Format Version 12.00
# Visual Studio Version 17
VisualStudioVersion = 17.9.34310.174
MinimumVisualStudioVersion = 10.0.40219.1
Project("{FAE04EC0-301F-11D3-BF4B-00C04F79EFBC}") = "Awes_Homepage.Browser", "Awes_Homepage.Browser\Awes_Homepage.Browser.csproj", "{3FBB350B-2932-4BDF-86F4-44B62B228BE1}"
EndProject
Project("{FAE04EC0-301F-11D3-BF4B-00C04F79EFBC}") = "Awes_Homepage", "Awes_Homepage\Awes_Homepage.csproj", "{9EE187B5-8427-4C99-A9DE-CF730BC31FBD}"
EndProject
Project("{FAE04EC0-301F-11D3-BF4B-00C04F79EFBC}") = "Awes_Homepage.Simulator", "Awes_Homepage.Simulator\Awes_Homepage.Simulator.csproj", "{F9116E54-4BB1-4B7C-AE63-05895B61750E}"
EndProject
Global
	GlobalSection(SolutionConfigurationPlatforms) = preSolution
		Debug|Any CPU = Debug|Any CPU
		Release|Any CPU = Release|Any CPU
	EndGlobalSection
	GlobalSection(ProjectConfigurationPlatforms) = postSolution
		{3FBB350B-2932-4BDF-86F4-44B62B228BE1}.Debug|Any CPU.ActiveCfg = Debug|Any CPU
		{3FBB350B-2932-4BDF-86F4-44B62B228BE1}.Debug|Any CPU.Build.0 = Debug|Any CPU
		{3FBB350B-2932-4BDF-86F4-44B62B228BE1}.Release|Any CPU.ActiveCfg = Release|Any CPU
		{3FBB350B-2932-4BDF-86F4-44B62B228BE1}.Release|Any CPU.Build.0 = Release|Any CPU
		{9EE187B5-8427-4C99-A9DE-CF730BC31FBD}.Debug|Any CPU.ActiveCfg = Debug|Any CPU
		{9EE187B5-8427-4C99-A9DE-CF730BC31FBD}.Debug|Any CPU.Build.0 = Debug|Any CPU
		{9EE187B5-8427-4C99-A9DE-CF730BC31FBD}.Release|Any CPU.ActiveCfg = Release|Any CPU
		{9EE187B5-8427-4C99-A9DE-CF730BC31FBD}.Release|Any CPU.Build.0 = Release|Any CPU
		{F9116E54-4BB1-4B7C-AE63-05895B61750E}.Debug|Any CPU.ActiveCfg = Debug|Any CPU
		{F9116E54-4BB1-4B7C-AE63-05895B61750E}.Debug|Any CPU.Build.0 = Debug|Any CPU
		{F9116E54-4BB1-4B7C-AE63-05895B61750E}.Release|Any CPU.ActiveCfg = Release|Any CPU
		{F9116E54-4BB1-4B7C-AE63-05895B61750E}.Release|Any CPU.Build.0 = Release|Any CPU
	EndGlobalSection
	GlobalSection(SolutionProperties) = preSolution
		HideSolutionNode = FALSE
	EndGlobalSection
	GlobalSection(ExtensibilityGlobals) = postSolution
		SolutionGuid = {56AC50EC-79CE-4302-B4F3-0F29DF0BFA65}
	EndGlobalSection
EndGlobal
